
Microsoft Visual Studio Solution File, Format Version 12.00
# Visual Studio 15
VisualStudioVersion = 15.0.27130.2026
MinimumVisualStudioVersion = 10.0.40219.1
Project("{FAE04EC0-301F-11D3-BF4B-00C04F79EFBC}") = "Types_Variables", "Types_Variables\Types_Variables.csproj", "{3F0B5B29-93B0-42D6-84FE-4E75D61EB2B6}"
EndProject
Project("{FAE04EC0-301F-11D3-BF4B-00C04F79EFBC}") = "Operators", "Operators\Operators.csproj", "{757017C3-FE5C-40DD-A811-24AC194BC9AA}"
EndProject
Project("{FAE04EC0-301F-11D3-BF4B-00C04F79EFBC}") = "Conditional", "Conditional\Conditional.csproj", "{CE46926D-8BA6-4F08-B162-FE1DE4593ED4}"
EndProject
Project("{FAE04EC0-301F-11D3-BF4B-00C04F79EFBC}") = "Loops", "Loops\Loops.csproj", "{B12C5FE5-1A2C-4E8A-8818-4CC304E27DF8}"
EndProject
Global
	GlobalSection(SolutionConfigurationPlatforms) = preSolution
		Debug|Any CPU = Debug|Any CPU
		Release|Any CPU = Release|Any CPU
	EndGlobalSection
	GlobalSection(ProjectConfigurationPlatforms) = postSolution
		{3F0B5B29-93B0-42D6-84FE-4E75D61EB2B6}.Debug|Any CPU.ActiveCfg = Debug|Any CPU
		{3F0B5B29-93B0-42D6-84FE-4E75D61EB2B6}.Debug|Any CPU.Build.0 = Debug|Any CPU
		{3F0B5B29-93B0-42D6-84FE-4E75D61EB2B6}.Release|Any CPU.ActiveCfg = Release|Any CPU
		{3F0B5B29-93B0-42D6-84FE-4E75D61EB2B6}.Release|Any CPU.Build.0 = Release|Any CPU
		{757017C3-FE5C-40DD-A811-24AC194BC9AA}.Debug|Any CPU.ActiveCfg = Debug|Any CPU
		{757017C3-FE5C-40DD-A811-24AC194BC9AA}.Debug|Any CPU.Build.0 = Debug|Any CPU
		{757017C3-FE5C-40DD-A811-24AC194BC9AA}.Release|Any CPU.ActiveCfg = Release|Any CPU
		{757017C3-FE5C-40DD-A811-24AC194BC9AA}.Release|Any CPU.Build.0 = Release|Any CPU
		{CE46926D-8BA6-4F08-B162-FE1DE4593ED4}.Debug|Any CPU.ActiveCfg = Debug|Any CPU
		{CE46926D-8BA6-4F08-B162-FE1DE4593ED4}.Debug|Any CPU.Build.0 = Debug|Any CPU
		{CE46926D-8BA6-4F08-B162-FE1DE4593ED4}.Release|Any CPU.ActiveCfg = Release|Any CPU
		{CE46926D-8BA6-4F08-B162-FE1DE4593ED4}.Release|Any CPU.Build.0 = Release|Any CPU
		{B12C5FE5-1A2C-4E8A-8818-4CC304E27DF8}.Debug|Any CPU.ActiveCfg = Debug|Any CPU
		{B12C5FE5-1A2C-4E8A-8818-4CC304E27DF8}.Debug|Any CPU.Build.0 = Debug|Any CPU
		{B12C5FE5-1A2C-4E8A-8818-4CC304E27DF8}.Release|Any CPU.ActiveCfg = Release|Any CPU
		{B12C5FE5-1A2C-4E8A-8818-4CC304E27DF8}.Release|Any CPU.Build.0 = Release|Any CPU
	EndGlobalSection
	GlobalSection(SolutionProperties) = preSolution
		HideSolutionNode = FALSE
	EndGlobalSection
	GlobalSection(ExtensibilityGlobals) = postSolution
		SolutionGuid = {76D5E841-F31F-4035-A858-C7FC73CFC211}
	EndGlobalSection
EndGlobal
